
Microsoft Visual Studio Solution File, Format Version 12.00
# Visual Studio Version 17
VisualStudioVersion = 17.9.34728.123
MinimumVisualStudioVersion = 10.0.40219.1
Project("{FAE04EC0-301F-11D3-BF4B-00C04F79EFBC}") = "CHSMS.API", "CHSMS.API\CHSMS.API.csproj", "{64DFC0FC-C432-4C77-86B2-55A44E2833CD}"
EndProject
Global
	GlobalSection(SolutionConfigurationPlatforms) = preSolution
		Debug|Any CPU = Debug|Any CPU
		Release|Any CPU = Release|Any CPU
	EndGlobalSection
	GlobalSection(ProjectConfigurationPlatforms) = postSolution
		{64DFC0FC-C432-4C77-86B2-55A44E2833CD}.Debug|Any CPU.ActiveCfg = Debug|Any CPU
		{64DFC0FC-C432-4C77-86B2-55A44E2833CD}.Debug|Any CPU.Build.0 = Debug|Any CPU
		{64DFC0FC-C432-4C77-86B2-55A44E2833CD}.Release|Any CPU.ActiveCfg = Release|Any CPU
		{64DFC0FC-C432-4C77-86B2-55A44E2833CD}.Release|Any CPU.Build.0 = Release|Any CPU
	EndGlobalSection
	GlobalSection(SolutionProperties) = preSolution
		HideSolutionNode = FALSE
	EndGlobalSection
	GlobalSection(ExtensibilityGlobals) = postSolution
		SolutionGuid = {DE7EBAE2-56E5-4216-B1A7-6B73E6927415}
	EndGlobalSection
EndGlobal
